
Microsoft Visual Studio Solution File, Format Version 12.00
# Visual Studio 15
VisualStudioVersion = 15.0.28307.271
MinimumVisualStudioVersion = 10.0.40219.1
Project("{FAE04EC0-301F-11D3-BF4B-00C04F79EFBC}") = "TheEverythingStore", "TheEverythingStore\TheEverythingStore.csproj", "{6DE03AC9-93B4-4E0E-B5A7-AC443A18A461}"
EndProject
Project("{FAE04EC0-301F-11D3-BF4B-00C04F79EFBC}") = "TheEverythingStore.Tests", "TheEverythingStore.Tests\TheEverythingStore.Tests.csproj", "{00F2C376-17E5-46F4-B1C2-89380CCBD97C}"
EndProject
Global
	GlobalSection(SolutionConfigurationPlatforms) = preSolution
		Debug|Any CPU = Debug|Any CPU
		Release|Any CPU = Release|Any CPU
	EndGlobalSection
	GlobalSection(ProjectConfigurationPlatforms) = postSolution
		{6DE03AC9-93B4-4E0E-B5A7-AC443A18A461}.Debug|Any CPU.ActiveCfg = Debug|Any CPU
		{6DE03AC9-93B4-4E0E-B5A7-AC443A18A461}.Debug|Any CPU.Build.0 = Debug|Any CPU
		{6DE03AC9-93B4-4E0E-B5A7-AC443A18A461}.Release|Any CPU.ActiveCfg = Release|Any CPU
		{6DE03AC9-93B4-4E0E-B5A7-AC443A18A461}.Release|Any CPU.Build.0 = Release|Any CPU
		{00F2C376-17E5-46F4-B1C2-89380CCBD97C}.Debug|Any CPU.ActiveCfg = Debug|Any CPU
		{00F2C376-17E5-46F4-B1C2-89380CCBD97C}.Debug|Any CPU.Build.0 = Debug|Any CPU
		{00F2C376-17E5-46F4-B1C2-89380CCBD97C}.Release|Any CPU.ActiveCfg = Release|Any CPU
		{00F2C376-17E5-46F4-B1C2-89380CCBD97C}.Release|Any CPU.Build.0 = Release|Any CPU
	EndGlobalSection
	GlobalSection(SolutionProperties) = preSolution
		HideSolutionNode = FALSE
	EndGlobalSection
	GlobalSection(ExtensibilityGlobals) = postSolution
		SolutionGuid = {7D8065A9-64CC-4603-90AE-AB7052E7159B}
	EndGlobalSection
EndGlobal
